
Microsoft Visual Studio Solution File, Format Version 12.00
# Visual Studio 15
VisualStudioVersion = 15.0.27703.2035
MinimumVisualStudioVersion = 10.0.40219.1
Project("{FAE04EC0-301F-11D3-BF4B-00C04F79EFBC}") = "Evolve.NET.Core", "Evolve.NET.Core\Evolve.NET.Core.csproj", "{959EEA71-B14E-49FA-81AF-2A1F90E39D52}"
EndProject
Project("{FAE04EC0-301F-11D3-BF4B-00C04F79EFBC}") = "Evolve.NET.Sample.Math", "Evolve.NET.Sample.Math\Evolve.NET.Sample.Math.csproj", "{7B013B23-DABD-4D67-9B7F-02DCD2ACFDA8}"
EndProject
Global
	GlobalSection(SolutionConfigurationPlatforms) = preSolution
		Debug|Any CPU = Debug|Any CPU
		Release|Any CPU = Release|Any CPU
	EndGlobalSection
	GlobalSection(ProjectConfigurationPlatforms) = postSolution
		{959EEA71-B14E-49FA-81AF-2A1F90E39D52}.Debug|Any CPU.ActiveCfg = Debug|Any CPU
		{959EEA71-B14E-49FA-81AF-2A1F90E39D52}.Debug|Any CPU.Build.0 = Debug|Any CPU
		{959EEA71-B14E-49FA-81AF-2A1F90E39D52}.Release|Any CPU.ActiveCfg = Release|Any CPU
		{959EEA71-B14E-49FA-81AF-2A1F90E39D52}.Release|Any CPU.Build.0 = Release|Any CPU
		{7B013B23-DABD-4D67-9B7F-02DCD2ACFDA8}.Debug|Any CPU.ActiveCfg = Debug|Any CPU
		{7B013B23-DABD-4D67-9B7F-02DCD2ACFDA8}.Debug|Any CPU.Build.0 = Debug|Any CPU
		{7B013B23-DABD-4D67-9B7F-02DCD2ACFDA8}.Release|Any CPU.ActiveCfg = Release|Any CPU
		{7B013B23-DABD-4D67-9B7F-02DCD2ACFDA8}.Release|Any CPU.Build.0 = Release|Any CPU
	EndGlobalSection
	GlobalSection(SolutionProperties) = preSolution
		HideSolutionNode = FALSE
	EndGlobalSection
	GlobalSection(ExtensibilityGlobals) = postSolution
		SolutionGuid = {675DD9CA-75A1-4436-AFF5-E0D1B59AA856}
	EndGlobalSection
EndGlobal
